
Microsoft Visual Studio Solution File, Format Version 12.00
# Visual Studio Version 16
VisualStudioVersion = 16.0.31321.278
MinimumVisualStudioVersion = 10.0.40219.1
Project("{00D1A9C2-B5F0-4AF3-8072-F6C62B433612}") = "SQLDataBase", "SQLDataBase\SQLDataBase.sqlproj", "{DACC77BD-FC71-4804-91A0-6F55F109B80E}"
EndProject
Project("{9A19103F-16F7-4668-BE54-9A1E7A4F7556}") = "DapperDataAccess", "DapperDataAccess\DapperDataAccess.csproj", "{AF13AD59-2451-4105-B769-BEB81D0F7EE4}"
EndProject
Project("{FAE04EC0-301F-11D3-BF4B-00C04F79EFBC}") = "MainProject", "MainProject\MainProject.csproj", "{6D59D2C3-3716-41D8-A292-36D8AC6B530F}"
EndProject
Global
	GlobalSection(SolutionConfigurationPlatforms) = preSolution
		Debug|Any CPU = Debug|Any CPU
		Release|Any CPU = Release|Any CPU
	EndGlobalSection
	GlobalSection(ProjectConfigurationPlatforms) = postSolution
		{DACC77BD-FC71-4804-91A0-6F55F109B80E}.Debug|Any CPU.ActiveCfg = Debug|Any CPU
		{DACC77BD-FC71-4804-91A0-6F55F109B80E}.Debug|Any CPU.Build.0 = Debug|Any CPU
		{DACC77BD-FC71-4804-91A0-6F55F109B80E}.Debug|Any CPU.Deploy.0 = Debug|Any CPU
		{DACC77BD-FC71-4804-91A0-6F55F109B80E}.Release|Any CPU.ActiveCfg = Release|Any CPU
		{DACC77BD-FC71-4804-91A0-6F55F109B80E}.Release|Any CPU.Build.0 = Release|Any CPU
		{DACC77BD-FC71-4804-91A0-6F55F109B80E}.Release|Any CPU.Deploy.0 = Release|Any CPU
		{AF13AD59-2451-4105-B769-BEB81D0F7EE4}.Debug|Any CPU.ActiveCfg = Debug|Any CPU
		{AF13AD59-2451-4105-B769-BEB81D0F7EE4}.Debug|Any CPU.Build.0 = Debug|Any CPU
		{AF13AD59-2451-4105-B769-BEB81D0F7EE4}.Release|Any CPU.ActiveCfg = Release|Any CPU
		{AF13AD59-2451-4105-B769-BEB81D0F7EE4}.Release|Any CPU.Build.0 = Release|Any CPU
		{6D59D2C3-3716-41D8-A292-36D8AC6B530F}.Debug|Any CPU.ActiveCfg = Debug|Any CPU
		{6D59D2C3-3716-41D8-A292-36D8AC6B530F}.Debug|Any CPU.Build.0 = Debug|Any CPU
		{6D59D2C3-3716-41D8-A292-36D8AC6B530F}.Release|Any CPU.ActiveCfg = Release|Any CPU
		{6D59D2C3-3716-41D8-A292-36D8AC6B530F}.Release|Any CPU.Build.0 = Release|Any CPU
	EndGlobalSection
	GlobalSection(SolutionProperties) = preSolution
		HideSolutionNode = FALSE
	EndGlobalSection
	GlobalSection(ExtensibilityGlobals) = postSolution
		SolutionGuid = {0773DE8F-5806-4002-98B2-562D1AFE2023}
	EndGlobalSection
EndGlobal
