
Microsoft Visual Studio Solution File, Format Version 12.00
# Visual Studio Version 16
VisualStudioVersion = 16.0.31321.278
MinimumVisualStudioVersion = 10.0.40219.1
Project("{FAE04EC0-301F-11D3-BF4B-00C04F79EFBC}") = "SQLData", "SQLData\SQLData.csproj", "{AB1246F8-711C-4136-A86D-296B2F190A6E}"
EndProject
Project("{00D1A9C2-B5F0-4AF3-8072-F6C62B433612}") = "SQLDataBase", "SQLDataBase\SQLDataBase.sqlproj", "{DACC77BD-FC71-4804-91A0-6F55F109B80E}"
EndProject
Global
	GlobalSection(SolutionConfigurationPlatforms) = preSolution
		Debug|Any CPU = Debug|Any CPU
		Release|Any CPU = Release|Any CPU
	EndGlobalSection
	GlobalSection(ProjectConfigurationPlatforms) = postSolution
		{AB1246F8-711C-4136-A86D-296B2F190A6E}.Debug|Any CPU.ActiveCfg = Debug|Any CPU
		{AB1246F8-711C-4136-A86D-296B2F190A6E}.Debug|Any CPU.Build.0 = Debug|Any CPU
		{AB1246F8-711C-4136-A86D-296B2F190A6E}.Release|Any CPU.ActiveCfg = Release|Any CPU
		{AB1246F8-711C-4136-A86D-296B2F190A6E}.Release|Any CPU.Build.0 = Release|Any CPU
		{DACC77BD-FC71-4804-91A0-6F55F109B80E}.Debug|Any CPU.ActiveCfg = Debug|Any CPU
		{DACC77BD-FC71-4804-91A0-6F55F109B80E}.Debug|Any CPU.Build.0 = Debug|Any CPU
		{DACC77BD-FC71-4804-91A0-6F55F109B80E}.Debug|Any CPU.Deploy.0 = Debug|Any CPU
		{DACC77BD-FC71-4804-91A0-6F55F109B80E}.Release|Any CPU.ActiveCfg = Release|Any CPU
		{DACC77BD-FC71-4804-91A0-6F55F109B80E}.Release|Any CPU.Build.0 = Release|Any CPU
		{DACC77BD-FC71-4804-91A0-6F55F109B80E}.Release|Any CPU.Deploy.0 = Release|Any CPU
	EndGlobalSection
	GlobalSection(SolutionProperties) = preSolution
		HideSolutionNode = FALSE
	EndGlobalSection
	GlobalSection(ExtensibilityGlobals) = postSolution
		SolutionGuid = {0773DE8F-5806-4002-98B2-562D1AFE2023}
	EndGlobalSection
EndGlobal
